// !$*UTF8*$!
{
	archiveVersion = 1;
	classes = {
	};
	objectVersion = 56;
	objects = {

/* Begin PBXBuildFile section */
		9D408A602B323C7900D75D62 /* DisplayOutput.swift in Sources */ = {isa = PBXBuildFile; fileRef = 9D408A5F2B323C7900D75D62 /* DisplayOutput.swift */; };
		9D6474772B32150E007C9576 /* UserInput.swift in Sources */ = {isa = PBXBuildFile; fileRef = 9D6474762B32150E007C9576 /* UserInput.swift */; };
		9DEE63BD2B31EFB9006D1B04 /* GeminiApp.swift in Sources */ = {isa = PBXBuildFile; fileRef = 9DEE63BC2B31EFB9006D1B04 /* GeminiApp.swift */; };
		9DEE63BF2B31EFB9006D1B04 /* ContentView.swift in Sources */ = {isa = PBXBuildFile; fileRef = 9DEE63BE2B31EFB9006D1B04 /* ContentView.swift */; };
		9DEE63C12B31EFBA006D1B04 /* Assets.xcassets in Resources */ = {isa = PBXBuildFile; fileRef = 9DEE63C02B31EFBA006D1B04 /* Assets.xcassets */; };
		9DEE63C42B31EFBA006D1B04 /* Preview Assets.xcassets in Resources */ = {isa = PBXBuildFile; fileRef = 9DEE63C32B31EFBA006D1B04 /* Preview Assets.xcassets */; };
		9DEE63CE2B31EFBA006D1B04 /* GeminiTests.swift in Sources */ = {isa = PBXBuildFile; fileRef = 9DEE63CD2B31EFBA006D1B04 /* GeminiTests.swift */; };
		9DEE63D82B31EFBA006D1B04 /* GeminiUITests.swift in Sources */ = {isa = PBXBuildFile; fileRef = 9DEE63D72B31EFBA006D1B04 /* GeminiUITests.swift */; };
		9DEE63DA2B31EFBA006D1B04 /* GeminiUITestsLaunchTests.swift in Sources */ = {isa = PBXBuildFile; fileRef = 9DEE63D92B31EFBA006D1B04 /* GeminiUITestsLaunchTests.swift */; };
		9DEE63E72B31F039006D1B04 /* ImagePicker.swift in Sources */ = {isa = PBXBuildFile; fileRef = 9DEE63E62B31F039006D1B04 /* ImagePicker.swift */; };
		9DEE63E92B31F235006D1B04 /* GeminiAPI.swift in Sources */ = {isa = PBXBuildFile; fileRef = 9DEE63E82B31F235006D1B04 /* GeminiAPI.swift */; };
		9DEE63EB2B31F37F006D1B04 /* SendButton.swift in Sources */ = {isa = PBXBuildFile; fileRef = 9DEE63EA2B31F37F006D1B04 /* SendButton.swift */; };
		9DEE63EE2B31F6C2006D1B04 /* GoogleGenerativeAI in Frameworks */ = {isa = PBXBuildFile; productRef = 9DEE63ED2B31F6C2006D1B04 /* GoogleGenerativeAI */; };
		9DEE63F32B31FD1E006D1B04 /* APIKey.swift in Sources */ = {isa = PBXBuildFile; fileRef = 9DEE63F22B31FD1E006D1B04 /* APIKey.swift */; };
/* End PBXBuildFile section */

/* Begin PBXContainerItemProxy section */
		9DEE63CA2B31EFBA006D1B04 /* PBXContainerItemProxy */ = {
			isa = PBXContainerItemProxy;
			containerPortal = 9DEE63B12B31EFB9006D1B04 /* Project object */;
			proxyType = 1;
			remoteGlobalIDString = 9DEE63B82B31EFB9006D1B04;
			remoteInfo = Gemini;
		};
		9DEE63D42B31EFBA006D1B04 /* PBXContainerItemProxy */ = {
			isa = PBXContainerItemProxy;
			containerPortal = 9DEE63B12B31EFB9006D1B04 /* Project object */;
			proxyType = 1;
			remoteGlobalIDString = 9DEE63B82B31EFB9006D1B04;
			remoteInfo = Gemini;
		};
/* End PBXContainerItemProxy section */

/* Begin PBXFileReference section */
		9D408A5F2B323C7900D75D62 /* DisplayOutput.swift */ = {isa = PBXFileReference; lastKnownFileType = sourcecode.swift; path = DisplayOutput.swift; sourceTree = "<group>"; };
		9D6474762B32150E007C9576 /* UserInput.swift */ = {isa = PBXFileReference; lastKnownFileType = sourcecode.swift; path = UserInput.swift; sourceTree = "<group>"; };
		9DEE63B92B31EFB9006D1B04 /* Gemini.app */ = {isa = PBXFileReference; explicitFileType = wrapper.application; includeInIndex = 0; path = Gemini.app; sourceTree = BUILT_PRODUCTS_DIR; };
		9DEE63BC2B31EFB9006D1B04 /* GeminiApp.swift */ = {isa = PBXFileReference; lastKnownFileType = sourcecode.swift; path = GeminiApp.swift; sourceTree = "<group>"; };
		9DEE63BE2B31EFB9006D1B04 /* ContentView.swift */ = {isa = PBXFileReference; lastKnownFileType = sourcecode.swift; path = ContentView.swift; sourceTree = "<group>"; };
		9DEE63C02B31EFBA006D1B04 /* Assets.xcassets */ = {isa = PBXFileReference; lastKnownFileType = folder.assetcatalog; path = Assets.xcassets; sourceTree = "<group>"; };
		9DEE63C32B31EFBA006D1B04 /* Preview Assets.xcassets */ = {isa = PBXFileReference; lastKnownFileType = folder.assetcatalog; path = "Preview Assets.xcassets"; sourceTree = "<group>"; };
		9DEE63C92B31EFBA006D1B04 /* GeminiTests.xctest */ = {isa = PBXFileReference; explicitFileType = wrapper.cfbundle; includeInIndex = 0; path = GeminiTests.xctest; sourceTree = BUILT_PRODUCTS_DIR; };
		9DEE63CD2B31EFBA006D1B04 /* GeminiTests.swift */ = {isa = PBXFileReference; lastKnownFileType = sourcecode.swift; path = GeminiTests.swift; sourceTree = "<group>"; };
		9DEE63D32B31EFBA006D1B04 /* GeminiUITests.xctest */ = {isa = PBXFileReference; explicitFileType = wrapper.cfbundle; includeInIndex = 0; path = GeminiUITests.xctest; sourceTree = BUILT_PRODUCTS_DIR; };
		9DEE63D72B31EFBA006D1B04 /* GeminiUITests.swift */ = {isa = PBXFileReference; lastKnownFileType = sourcecode.swift; path = GeminiUITests.swift; sourceTree = "<group>"; };
		9DEE63D92B31EFBA006D1B04 /* GeminiUITestsLaunchTests.swift */ = {isa = PBXFileReference; lastKnownFileType = sourcecode.swift; path = GeminiUITestsLaunchTests.swift; sourceTree = "<group>"; };
		9DEE63E62B31F039006D1B04 /* ImagePicker.swift */ = {isa = PBXFileReference; lastKnownFileType = sourcecode.swift; path = ImagePicker.swift; sourceTree = "<group>"; };
		9DEE63E82B31F235006D1B04 /* GeminiAPI.swift */ = {isa = PBXFileReference; lastKnownFileType = sourcecode.swift; path = GeminiAPI.swift; sourceTree = "<group>"; };
		9DEE63EA2B31F37F006D1B04 /* SendButton.swift */ = {isa = PBXFileReference; lastKnownFileType = sourcecode.swift; path = SendButton.swift; sourceTree = "<group>"; };
		9DEE63F22B31FD1E006D1B04 /* APIKey.swift */ = {isa = PBXFileReference; lastKnownFileType = sourcecode.swift; path = APIKey.swift; sourceTree = "<group>"; };
		9DEE63F42B31FD20006D1B04 /* GenerativeAI-Info-Sample.plist */ = {isa = PBXFileReference; lastKnownFileType = text.plist.xml; path = "GenerativeAI-Info-Sample.plist"; sourceTree = "<group>"; };
/* End PBXFileReference section */

/* Begin PBXFrameworksBuildPhase section */
		9DEE63B62B31EFB9006D1B04 /* Frameworks */ = {
			isa = PBXFrameworksBuildPhase;
			buildActionMask = 2147483647;
			files = (
				9DEE63EE2B31F6C2006D1B04 /* GoogleGenerativeAI in Frameworks */,
			);
			runOnlyForDeploymentPostprocessing = 0;
		};
		9DEE63C62B31EFBA006D1B04 /* Frameworks */ = {
			isa = PBXFrameworksBuildPhase;
			buildActionMask = 2147483647;
			files = (
			);
			runOnlyForDeploymentPostprocessing = 0;
		};
		9DEE63D02B31EFBA006D1B04 /* Frameworks */ = {
			isa = PBXFrameworksBuildPhase;
			buildActionMask = 2147483647;
			files = (
			);
			runOnlyForDeploymentPostprocessing = 0;
		};
/* End PBXFrameworksBuildPhase section */

/* Begin PBXGroup section */
		9DEE63B02B31EFB9006D1B04 = {
			isa = PBXGroup;
			children = (
				9DEE63F52B320135006D1B04 /* API_Key */,
				9DEE63BB2B31EFB9006D1B04 /* Gemini */,
				9DEE63CC2B31EFBA006D1B04 /* GeminiTests */,
				9DEE63D62B31EFBA006D1B04 /* GeminiUITests */,
				9DEE63BA2B31EFB9006D1B04 /* Products */,
			);
			sourceTree = "<group>";
		};
		9DEE63BA2B31EFB9006D1B04 /* Products */ = {
			isa = PBXGroup;
			children = (
				9DEE63B92B31EFB9006D1B04 /* Gemini.app */,
				9DEE63C92B31EFBA006D1B04 /* GeminiTests.xctest */,
				9DEE63D32B31EFBA006D1B04 /* GeminiUITests.xctest */,
			);
			name = Products;
			sourceTree = "<group>";
		};
		9DEE63BB2B31EFB9006D1B04 /* Gemini */ = {
			isa = PBXGroup;
			children = (
				9DEE63BC2B31EFB9006D1B04 /* GeminiApp.swift */,
				9DEE63BE2B31EFB9006D1B04 /* ContentView.swift */,
				9D408A5F2B323C7900D75D62 /* DisplayOutput.swift */,
				9D6474762B32150E007C9576 /* UserInput.swift */,
				9DEE63EA2B31F37F006D1B04 /* SendButton.swift */,
				9DEE63E82B31F235006D1B04 /* GeminiAPI.swift */,
				9DEE63E62B31F039006D1B04 /* ImagePicker.swift */,
				9DEE63C02B31EFBA006D1B04 /* Assets.xcassets */,
				9DEE63C22B31EFBA006D1B04 /* Preview Content */,
			);
			path = Gemini;
			sourceTree = "<group>";
		};
		9DEE63C22B31EFBA006D1B04 /* Preview Content */ = {
			isa = PBXGroup;
			children = (
				9DEE63C32B31EFBA006D1B04 /* Preview Assets.xcassets */,
			);
			path = "Preview Content";
			sourceTree = "<group>";
		};
		9DEE63CC2B31EFBA006D1B04 /* GeminiTests */ = {
			isa = PBXGroup;
			children = (
				9DEE63CD2B31EFBA006D1B04 /* GeminiTests.swift */,
			);
			path = GeminiTests;
			sourceTree = "<group>";
		};
		9DEE63D62B31EFBA006D1B04 /* GeminiUITests */ = {
			isa = PBXGroup;
			children = (
				9DEE63D72B31EFBA006D1B04 /* GeminiUITests.swift */,
				9DEE63D92B31EFBA006D1B04 /* GeminiUITestsLaunchTests.swift */,
			);
			path = GeminiUITests;
			sourceTree = "<group>";
		};
		9DEE63F52B320135006D1B04 /* API_Key */ = {
			isa = PBXGroup;
			children = (
				9DEE63F22B31FD1E006D1B04 /* APIKey.swift */,
				9DEE63F42B31FD20006D1B04 /* GenerativeAI-Info-Sample.plist */,
			);
			path = API_Key;
			sourceTree = "<group>";
		};
/* End PBXGroup section */

/* Begin PBXNativeTarget section */
		9DEE63B82B31EFB9006D1B04 /* Gemini */ = {
			isa = PBXNativeTarget;
			buildConfigurationList = 9DEE63DD2B31EFBA006D1B04 /* Build configuration list for PBXNativeTarget "Gemini" */;
			buildPhases = (
				9DEE63B52B31EFB9006D1B04 /* Sources */,
				9DEE63B62B31EFB9006D1B04 /* Frameworks */,
				9DEE63B72B31EFB9006D1B04 /* Resources */,
			);
			buildRules = (
			);
			dependencies = (
			);
			name = Gemini;
			packageProductDependencies = (
				9DEE63ED2B31F6C2006D1B04 /* GoogleGenerativeAI */,
			);
			productName = Gemini;
			productReference = 9DEE63B92B31EFB9006D1B04 /* Gemini.app */;
			productType = "com.apple.product-type.application";
		};
		9DEE63C82B31EFBA006D1B04 /* GeminiTests */ = {
			isa = PBXNativeTarget;
			buildConfigurationList = 9DEE63E02B31EFBA006D1B04 /* Build configuration list for PBXNativeTarget "GeminiTests" */;
			buildPhases = (
				9DEE63C52B31EFBA006D1B04 /* Sources */,
				9DEE63C62B31EFBA006D1B04 /* Frameworks */,
				9DEE63C72B31EFBA006D1B04 /* Resources */,
			);
			buildRules = (
			);
			dependencies = (
				9DEE63CB2B31EFBA006D1B04 /* PBXTargetDependency */,
			);
			name = GeminiTests;
			productName = GeminiTests;
			productReference = 9DEE63C92B31EFBA006D1B04 /* GeminiTests.xctest */;
			productType = "com.apple.product-type.bundle.unit-test";
		};
		9DEE63D22B31EFBA006D1B04 /* GeminiUITests */ = {
			isa = PBXNativeTarget;
			buildConfigurationList = 9DEE63E32B31EFBA006D1B04 /* Build configuration list for PBXNativeTarget "GeminiUITests" */;
			buildPhases = (
				9DEE63CF2B31EFBA006D1B04 /* Sources */,
				9DEE63D02B31EFBA006D1B04 /* Frameworks */,
				9DEE63D12B31EFBA006D1B04 /* Resources */,
			);
			buildRules = (
			);
			dependencies = (
				9DEE63D52B31EFBA006D1B04 /* PBXTargetDependency */,
			);
			name = GeminiUITests;
			productName = GeminiUITests;
			productReference = 9DEE63D32B31EFBA006D1B04 /* GeminiUITests.xctest */;
			productType = "com.apple.product-type.bundle.ui-testing";
		};
/* End PBXNativeTarget section */

/* Begin PBXProject section */
		9DEE63B12B31EFB9006D1B04 /* Project object */ = {
			isa = PBXProject;
			attributes = {
				BuildIndependentTargetsInParallel = 1;
				KnownAssetTags = (
					New,
				);
				LastSwiftUpdateCheck = 1500;
				LastUpgradeCheck = 1500;
				TargetAttributes = {
					9DEE63B82B31EFB9006D1B04 = {
						CreatedOnToolsVersion = 15.0.1;
					};
					9DEE63C82B31EFBA006D1B04 = {
						CreatedOnToolsVersion = 15.0.1;
						TestTargetID = 9DEE63B82B31EFB9006D1B04;
					};
					9DEE63D22B31EFBA006D1B04 = {
						CreatedOnToolsVersion = 15.0.1;
						TestTargetID = 9DEE63B82B31EFB9006D1B04;
					};
				};
			};
			buildConfigurationList = 9DEE63B42B31EFB9006D1B04 /* Build configuration list for PBXProject "Gemini" */;
			compatibilityVersion = "Xcode 14.0";
			developmentRegion = en;
			hasScannedForEncodings = 0;
			knownRegions = (
				en,
				Base,
			);
			mainGroup = 9DEE63B02B31EFB9006D1B04;
			packageReferences = (
				9DEE63EC2B31F6C2006D1B04 /* XCRemoteSwiftPackageReference "generative-ai-swift" */,
			);
			productRefGroup = 9DEE63BA2B31EFB9006D1B04 /* Products */;
			projectDirPath = "";
			projectRoot = "";
			targets = (
				9DEE63B82B31EFB9006D1B04 /* Gemini */,
				9DEE63C82B31EFBA006D1B04 /* GeminiTests */,
				9DEE63D22B31EFBA006D1B04 /* GeminiUITests */,
			);
		};
/* End PBXProject section */

/* Begin PBXResourcesBuildPhase section */
		9DEE63B72B31EFB9006D1B04 /* Resources */ = {
			isa = PBXResourcesBuildPhase;
			buildActionMask = 2147483647;
			files = (
				9DEE63C42B31EFBA006D1B04 /* Preview Assets.xcassets in Resources */,
				9DEE63C12B31EFBA006D1B04 /* Assets.xcassets in Resources */,
			);
			runOnlyForDeploymentPostprocessing = 0;
		};
		9DEE63C72B31EFBA006D1B04 /* Resources */ = {
			isa = PBXResourcesBuildPhase;
			buildActionMask = 2147483647;
			files = (
			);
			runOnlyForDeploymentPostprocessing = 0;
		};
		9DEE63D12B31EFBA006D1B04 /* Resources */ = {
			isa = PBXResourcesBuildPhase;
			buildActionMask = 2147483647;
			files = (
			);
			runOnlyForDeploymentPostprocessing = 0;
		};
/* End PBXResourcesBuildPhase section */

/* Begin PBXSourcesBuildPhase section */
		9DEE63B52B31EFB9006D1B04 /* Sources */ = {
			isa = PBXSourcesBuildPhase;
			buildActionMask = 2147483647;
			files = (
				9DEE63E72B31F039006D1B04 /* ImagePicker.swift in Sources */,
				9DEE63BF2B31EFB9006D1B04 /* ContentView.swift in Sources */,
				9DEE63EB2B31F37F006D1B04 /* SendButton.swift in Sources */,
				9DEE63E92B31F235006D1B04 /* GeminiAPI.swift in Sources */,
				9DEE63F32B31FD1E006D1B04 /* APIKey.swift in Sources */,
				9D408A602B323C7900D75D62 /* DisplayOutput.swift in Sources */,
				9DEE63BD2B31EFB9006D1B04 /* GeminiApp.swift in Sources */,
				9D6474772B32150E007C9576 /* UserInput.swift in Sources */,
			);
			runOnlyForDeploymentPostprocessing = 0;
		};
		9DEE63C52B31EFBA006D1B04 /* Sources */ = {
			isa = PBXSourcesBuildPhase;
			buildActionMask = 2147483647;
			files = (
				9DEE63CE2B31EFBA006D1B04 /* GeminiTests.swift in Sources */,
			);
			runOnlyForDeploymentPostprocessing = 0;
		};
		9DEE63CF2B31EFBA006D1B04 /* Sources */ = {
			isa = PBXSourcesBuildPhase;
			buildActionMask = 2147483647;
			files = (
				9DEE63D82B31EFBA006D1B04 /* GeminiUITests.swift in Sources */,
				9DEE63DA2B31EFBA006D1B04 /* GeminiUITestsLaunchTests.swift in Sources */,
			);
			runOnlyForDeploymentPostprocessing = 0;
		};
/* End PBXSourcesBuildPhase section */

/* Begin PBXTargetDependency section */
		9DEE63CB2B31EFBA006D1B04 /* PBXTargetDependency */ = {
			isa = PBXTargetDependency;
			target = 9DEE63B82B31EFB9006D1B04 /* Gemini */;
			targetProxy = 9DEE63CA2B31EFBA006D1B04 /* PBXContainerItemProxy */;
		};
		9DEE63D52B31EFBA006D1B04 /* PBXTargetDependency */ = {
			isa = PBXTargetDependency;
			target = 9DEE63B82B31EFB9006D1B04 /* Gemini */;
			targetProxy = 9DEE63D42B31EFBA006D1B04 /* PBXContainerItemProxy */;
		};
/* End PBXTargetDependency section */

/* Begin XCBuildConfiguration section */
		9DEE63DB2B31EFBA006D1B04 /* Debug */ = {
			isa = XCBuildConfiguration;
			buildSettings = {
				ALWAYS_SEARCH_USER_PATHS = NO;
				ASSETCATALOG_COMPILER_GENERATE_SWIFT_ASSET_SYMBOL_EXTENSIONS = YES;
				CLANG_ANALYZER_NONNULL = YES;
				CLANG_ANALYZER_NUMBER_OBJECT_CONVERSION = YES_AGGRESSIVE;
				CLANG_CXX_LANGUAGE_STANDARD = "gnu++20";
				CLANG_ENABLE_MODULES = YES;
				CLANG_ENABLE_OBJC_ARC = YES;
				CLANG_ENABLE_OBJC_WEAK = YES;
				CLANG_WARN_BLOCK_CAPTURE_AUTORELEASING = YES;
				CLANG_WARN_BOOL_CONVERSION = YES;
				CLANG_WARN_COMMA = YES;
				CLANG_WARN_CONSTANT_CONVERSION = YES;
				CLANG_WARN_DEPRECATED_OBJC_IMPLEMENTATIONS = YES;
				CLANG_WARN_DIRECT_OBJC_ISA_USAGE = YES_ERROR;
				CLANG_WARN_DOCUMENTATION_COMMENTS = YES;
				CLANG_WARN_EMPTY_BODY = YES;
				CLANG_WARN_ENUM_CONVERSION = YES;
				CLANG_WARN_INFINITE_RECURSION = YES;
				CLANG_WARN_INT_CONVERSION = YES;
				CLANG_WARN_NON_LITERAL_NULL_CONVERSION = YES;
				CLANG_WARN_OBJC_IMPLICIT_RETAIN_SELF = YES;
				CLANG_WARN_OBJC_LITERAL_CONVERSION = YES;
				CLANG_WARN_OBJC_ROOT_CLASS = YES_ERROR;
				CLANG_WARN_QUOTED_INCLUDE_IN_FRAMEWORK_HEADER = YES;
				CLANG_WARN_RANGE_LOOP_ANALYSIS = YES;
				CLANG_WARN_STRICT_PROTOTYPES = YES;
				CLANG_WARN_SUSPICIOUS_MOVE = YES;
				CLANG_WARN_UNGUARDED_AVAILABILITY = YES_AGGRESSIVE;
				CLANG_WARN_UNREACHABLE_CODE = YES;
				CLANG_WARN__DUPLICATE_METHOD_MATCH = YES;
				COPY_PHASE_STRIP = NO;
				DEBUG_INFORMATION_FORMAT = dwarf;
				ENABLE_STRICT_OBJC_MSGSEND = YES;
				ENABLE_TESTABILITY = YES;
				ENABLE_USER_SCRIPT_SANDBOXING = YES;
				GCC_C_LANGUAGE_STANDARD = gnu17;
				GCC_DYNAMIC_NO_PIC = NO;
				GCC_NO_COMMON_BLOCKS = YES;
				GCC_OPTIMIZATION_LEVEL = 0;
				GCC_PREPROCESSOR_DEFINITIONS = (
					"DEBUG=1",
					"$(inherited)",
				);
				GCC_WARN_64_TO_32_BIT_CONVERSION = YES;
				GCC_WARN_ABOUT_RETURN_TYPE = YES_ERROR;
				GCC_WARN_UNDECLARED_SELECTOR = YES;
				GCC_WARN_UNINITIALIZED_AUTOS = YES_AGGRESSIVE;
				GCC_WARN_UNUSED_FUNCTION = YES;
				GCC_WARN_UNUSED_VARIABLE = YES;
				IPHONEOS_DEPLOYMENT_TARGET = 17.0;
				LOCALIZATION_PREFERS_STRING_CATALOGS = YES;
				MTL_ENABLE_DEBUG_INFO = INCLUDE_SOURCE;
				MTL_FAST_MATH = YES;
				ONLY_ACTIVE_ARCH = YES;
				SDKROOT = iphoneos;
				SWIFT_ACTIVE_COMPILATION_CONDITIONS = "DEBUG $(inherited)";
				SWIFT_OPTIMIZATION_LEVEL = "-Onone";
			};
			name = Debug;
		};
		9DEE63DC2B31EFBA006D1B04 /* Release */ = {
			isa = XCBuildConfiguration;
			buildSettings = {
				ALWAYS_SEARCH_USER_PATHS = NO;
				ASSETCATALOG_COMPILER_GENERATE_SWIFT_ASSET_SYMBOL_EXTENSIONS = YES;
				CLANG_ANALYZER_NONNULL = YES;
				CLANG_ANALYZER_NUMBER_OBJECT_CONVERSION = YES_AGGRESSIVE;
				CLANG_CXX_LANGUAGE_STANDARD = "gnu++20";
				CLANG_ENABLE_MODULES = YES;
				CLANG_ENABLE_OBJC_ARC = YES;
				CLANG_ENABLE_OBJC_WEAK = YES;
				CLANG_WARN_BLOCK_CAPTURE_AUTORELEASING = YES;
				CLANG_WARN_BOOL_CONVERSION = YES;
				CLANG_WARN_COMMA = YES;
				CLANG_WARN_CONSTANT_CONVERSION = YES;
				CLANG_WARN_DEPRECATED_OBJC_IMPLEMENTATIONS = YES;
				CLANG_WARN_DIRECT_OBJC_ISA_USAGE = YES_ERROR;
				CLANG_WARN_DOCUMENTATION_COMMENTS = YES;
				CLANG_WARN_EMPTY_BODY = YES;
				CLANG_WARN_ENUM_CONVERSION = YES;
				CLANG_WARN_INFINITE_RECURSION = YES;
				CLANG_WARN_INT_CONVERSION = YES;
				CLANG_WARN_NON_LITERAL_NULL_CONVERSION = YES;
				CLANG_WARN_OBJC_IMPLICIT_RETAIN_SELF = YES;
				CLANG_WARN_OBJC_LITERAL_CONVERSION = YES;
				CLANG_WARN_OBJC_ROOT_CLASS = YES_ERROR;
				CLANG_WARN_QUOTED_INCLUDE_IN_FRAMEWORK_HEADER = YES;
				CLANG_WARN_RANGE_LOOP_ANALYSIS = YES;
				CLANG_WARN_STRICT_PROTOTYPES = YES;
				CLANG_WARN_SUSPICIOUS_MOVE = YES;
				CLANG_WARN_UNGUARDED_AVAILABILITY = YES_AGGRESSIVE;
				CLANG_WARN_UNREACHABLE_CODE = YES;
				CLANG_WARN__DUPLICATE_METHOD_MATCH = YES;
				COPY_PHASE_STRIP = NO;
				DEBUG_INFORMATION_FORMAT = "dwarf-with-dsym";
				ENABLE_NS_ASSERTIONS = NO;
				ENABLE_STRICT_OBJC_MSGSEND = YES;
				ENABLE_USER_SCRIPT_SANDBOXING = YES;
				GCC_C_LANGUAGE_STANDARD = gnu17;
				GCC_NO_COMMON_BLOCKS = YES;
				GCC_WARN_64_TO_32_BIT_CONVERSION = YES;
				GCC_WARN_ABOUT_RETURN_TYPE = YES_ERROR;
				GCC_WARN_UNDECLARED_SELECTOR = YES;
				GCC_WARN_UNINITIALIZED_AUTOS = YES_AGGRESSIVE;
				GCC_WARN_UNUSED_FUNCTION = YES;
				GCC_WARN_UNUSED_VARIABLE = YES;
				IPHONEOS_DEPLOYMENT_TARGET = 17.0;
				LOCALIZATION_PREFERS_STRING_CATALOGS = YES;
				MTL_ENABLE_DEBUG_INFO = NO;
				MTL_FAST_MATH = YES;
				SDKROOT = iphoneos;
				SWIFT_COMPILATION_MODE = wholemodule;
				VALIDATE_PRODUCT = YES;
			};
			name = Release;
		};
		9DEE63DE2B31EFBA006D1B04 /* Debug */ = {
			isa = XCBuildConfiguration;
			buildSettings = {
				ASSETCATALOG_COMPILER_APPICON_NAME = AppIcon;
				ASSETCATALOG_COMPILER_GLOBAL_ACCENT_COLOR_NAME = AccentColor;
				CODE_SIGN_STYLE = Automatic;
				CURRENT_PROJECT_VERSION = 1;
				DEVELOPMENT_ASSET_PATHS = "\"Gemini/Preview Content\"";
				DEVELOPMENT_TEAM = G2TY2Q3KD8;
				ENABLE_PREVIEWS = YES;
				GENERATE_INFOPLIST_FILE = YES;
				INFOPLIST_KEY_LSApplicationCategoryType = "";
				INFOPLIST_KEY_UIApplicationSceneManifest_Generation = YES;
				INFOPLIST_KEY_UIApplicationSupportsIndirectInputEvents = YES;
				INFOPLIST_KEY_UILaunchScreen_Generation = YES;
				INFOPLIST_KEY_UISupportedInterfaceOrientations_iPad = "UIInterfaceOrientationPortrait UIInterfaceOrientationPortraitUpsideDown UIInterfaceOrientationLandscapeLeft UIInterfaceOrientationLandscapeRight";
				INFOPLIST_KEY_UISupportedInterfaceOrientations_iPhone = "UIInterfaceOrientationPortrait UIInterfaceOrientationLandscapeLeft UIInterfaceOrientationLandscapeRight";
				LD_RUNPATH_SEARCH_PATHS = (
					"$(inherited)",
					"@executable_path/Frameworks",
				);
				MARKETING_VERSION = 1.0;
				PRODUCT_BUNDLE_IDENTIFIER = in.djdiptayan.Gemini;
				PRODUCT_NAME = "$(TARGET_NAME)";
				SWIFT_EMIT_LOC_STRINGS = YES;
				SWIFT_VERSION = 5.0;
				TARGETED_DEVICE_FAMILY = "1,2";
			};
			name = Debug;
		};
		9DEE63DF2B31EFBA006D1B04 /* Release */ = {
			isa = XCBuildConfiguration;
			buildSettings = {
				ASSETCATALOG_COMPILER_APPICON_NAME = AppIcon;
				ASSETCATALOG_COMPILER_GLOBAL_ACCENT_COLOR_NAME = AccentColor;
				CODE_SIGN_STYLE = Automatic;
				CURRENT_PROJECT_VERSION = 1;
				DEVELOPMENT_ASSET_PATHS = "\"Gemini/Preview Content\"";
				DEVELOPMENT_TEAM = G2TY2Q3KD8;
				ENABLE_PREVIEWS = YES;
				GENERATE_INFOPLIST_FILE = YES;
				INFOPLIST_KEY_LSApplicationCategoryType = "";
				INFOPLIST_KEY_UIApplicationSceneManifest_Generation = YES;
				INFOPLIST_KEY_UIApplicationSupportsIndirectInputEvents = YES;
				INFOPLIST_KEY_UILaunchScreen_Generation = YES;
				INFOPLIST_KEY_UISupportedInterfaceOrientations_iPad = "UIInterfaceOrientationPortrait UIInterfaceOrientationPortraitUpsideDown UIInterfaceOrientationLandscapeLeft UIInterfaceOrientationLandscapeRight";
				INFOPLIST_KEY_UISupportedInterfaceOrientations_iPhone = "UIInterfaceOrientationPortrait UIInterfaceOrientationLandscapeLeft UIInterfaceOrientationLandscapeRight";
				LD_RUNPATH_SEARCH_PATHS = (
					"$(inherited)",
					"@executable_path/Frameworks",
				);
				MARKETING_VERSION = 1.0;
				PRODUCT_BUNDLE_IDENTIFIER = in.djdiptayan.Gemini;
				PRODUCT_NAME = "$(TARGET_NAME)";
				SWIFT_EMIT_LOC_STRINGS = YES;
				SWIFT_VERSION = 5.0;
				TARGETED_DEVICE_FAMILY = "1,2";
			};
			name = Release;
		};
		9DEE63E12B31EFBA006D1B04 /* Debug */ = {
			isa = XCBuildConfiguration;
			buildSettings = {
				ALWAYS_EMBED_SWIFT_STANDARD_LIBRARIES = YES;
				BUNDLE_LOADER = "$(TEST_HOST)";
				CODE_SIGN_STYLE = Automatic;
				CURRENT_PROJECT_VERSION = 1;
				DEVELOPMENT_TEAM = G2TY2Q3KD8;
				GENERATE_INFOPLIST_FILE = YES;
				IPHONEOS_DEPLOYMENT_TARGET = 17.0;
				MARKETING_VERSION = 1.0;
				PRODUCT_BUNDLE_IDENTIFIER = in.djdiptayan.GeminiTests;
				PRODUCT_NAME = "$(TARGET_NAME)";
				SWIFT_EMIT_LOC_STRINGS = NO;
				SWIFT_VERSION = 5.0;
				TARGETED_DEVICE_FAMILY = "1,2";
				TEST_HOST = "$(BUILT_PRODUCTS_DIR)/Gemini.app/$(BUNDLE_EXECUTABLE_FOLDER_PATH)/Gemini";
			};
			name = Debug;
		};
		9DEE63E22B31EFBA006D1B04 /* Release */ = {
			isa = XCBuildConfiguration;
			buildSettings = {
				ALWAYS_EMBED_SWIFT_STANDARD_LIBRARIES = YES;
				BUNDLE_LOADER = "$(TEST_HOST)";
				CODE_SIGN_STYLE = Automatic;
				CURRENT_PROJECT_VERSION = 1;
				DEVELOPMENT_TEAM = G2TY2Q3KD8;
				GENERATE_INFOPLIST_FILE = YES;
				IPHONEOS_DEPLOYMENT_TARGET = 17.0;
				MARKETING_VERSION = 1.0;
				PRODUCT_BUNDLE_IDENTIFIER = in.djdiptayan.GeminiTests;
				PRODUCT_NAME = "$(TARGET_NAME)";
				SWIFT_EMIT_LOC_STRINGS = NO;
				SWIFT_VERSION = 5.0;
				TARGETED_DEVICE_FAMILY = "1,2";
				TEST_HOST = "$(BUILT_PRODUCTS_DIR)/Gemini.app/$(BUNDLE_EXECUTABLE_FOLDER_PATH)/Gemini";
			};
			name = Release;
		};
		9DEE63E42B31EFBA006D1B04 /* Debug */ = {
			isa = XCBuildConfiguration;
			buildSettings = {
				ALWAYS_EMBED_SWIFT_STANDARD_LIBRARIES = YES;
				CODE_SIGN_STYLE = Automatic;
				CURRENT_PROJECT_VERSION = 1;
				DEVELOPMENT_TEAM = G2TY2Q3KD8;
				GENERATE_INFOPLIST_FILE = YES;
				MARKETING_VERSION = 1.0;
				PRODUCT_BUNDLE_IDENTIFIER = in.djdiptayan.GeminiUITests;
				PRODUCT_NAME = "$(TARGET_NAME)";
				SWIFT_EMIT_LOC_STRINGS = NO;
				SWIFT_VERSION = 5.0;
				TARGETED_DEVICE_FAMILY = "1,2";
				TEST_TARGET_NAME = Gemini;
			};
			name = Debug;
		};
		9DEE63E52B31EFBA006D1B04 /* Release */ = {
			isa = XCBuildConfiguration;
			buildSettings = {
				ALWAYS_EMBED_SWIFT_STANDARD_LIBRARIES = YES;
				CODE_SIGN_STYLE = Automatic;
				CURRENT_PROJECT_VERSION = 1;
				DEVELOPMENT_TEAM = G2TY2Q3KD8;
				GENERATE_INFOPLIST_FILE = YES;
				MARKETING_VERSION = 1.0;
				PRODUCT_BUNDLE_IDENTIFIER = in.djdiptayan.GeminiUITests;
				PRODUCT_NAME = "$(TARGET_NAME)";
				SWIFT_EMIT_LOC_STRINGS = NO;
				SWIFT_VERSION = 5.0;
				TARGETED_DEVICE_FAMILY = "1,2";
				TEST_TARGET_NAME = Gemini;
			};
			name = Release;
		};
/* End XCBuildConfiguration section */

/* Begin XCConfigurationList section */
		9DEE63B42B31EFB9006D1B04 /* Build configuration list for PBXProject "Gemini" */ = {
			isa = XCConfigurationList;
			buildConfigurations = (
				9DEE63DB2B31EFBA006D1B04 /* Debug */,
				9DEE63DC2B31EFBA006D1B04 /* Release */,
			);
			defaultConfigurationIsVisible = 0;
			defaultConfigurationName = Release;
		};
		9DEE63DD2B31EFBA006D1B04 /* Build configuration list for PBXNativeTarget "Gemini" */ = {
			isa = XCConfigurationList;
			buildConfigurations = (
				9DEE63DE2B31EFBA006D1B04 /* Debug */,
				9DEE63DF2B31EFBA006D1B04 /* Release */,
			);
			defaultConfigurationIsVisible = 0;
			defaultConfigurationName = Release;
		};
		9DEE63E02B31EFBA006D1B04 /* Build configuration list for PBXNativeTarget "GeminiTests" */ = {
			isa = XCConfigurationList;
			buildConfigurations = (
				9DEE63E12B31EFBA006D1B04 /* Debug */,
				9DEE63E22B31EFBA006D1B04 /* Release */,
			);
			defaultConfigurationIsVisible = 0;
			defaultConfigurationName = Release;
		};
		9DEE63E32B31EFBA006D1B04 /* Build configuration list for PBXNativeTarget "GeminiUITests" */ = {
			isa = XCConfigurationList;
			buildConfigurations = (
				9DEE63E42B31EFBA006D1B04 /* Debug */,
				9DEE63E52B31EFBA006D1B04 /* Release */,
			);
			defaultConfigurationIsVisible = 0;
			defaultConfigurationName = Release;
		};
/* End XCConfigurationList section */

/* Begin XCRemoteSwiftPackageReference section */
		9DEE63EC2B31F6C2006D1B04 /* XCRemoteSwiftPackageReference "generative-ai-swift" */ = {
			isa = XCRemoteSwiftPackageReference;
			repositoryURL = "https://github.com/google/generative-ai-swift";
			requirement = {
				kind = upToNextMajorVersion;
				minimumVersion = 0.4.4;
			};
		};
/* End XCRemoteSwiftPackageReference section */

/* Begin XCSwiftPackageProductDependency section */
		9DEE63ED2B31F6C2006D1B04 /* GoogleGenerativeAI */ = {
			isa = XCSwiftPackageProductDependency;
			package = 9DEE63EC2B31F6C2006D1B04 /* XCRemoteSwiftPackageReference "generative-ai-swift" */;
			productName = GoogleGenerativeAI;
		};
/* End XCSwiftPackageProductDependency section */
	};
	rootObject = 9DEE63B12B31EFB9006D1B04 /* Project object */;
}
